version = 1
revision = 3
requires-python = ">=3.14"

[[package]]
name = "msvc-runtime"
version = "14.44.35112"
source = { registry = "https://pypi.org/simple" }
wheels = [
    { url = "https://files.pythonhosted.org/packages/d7/9c/b9ee5402fe9daf6f4dba458f11238289c606df05e0cc9f0750d5ada4ff3b/msvc_runtime-14.44.35112-cp314-cp314-win32.whl", hash = "sha256:99c22caa2755c76cfa34b741e96bee99c461480d709fb9c582492ccc0f03c7ae", size = 1976509, upload-time = "2025-08-08T03:58:03.698Z" },
    { url = "https://files.pythonhosted.org/packages/d2/48/7fb574a4bfa697574a7dc7105bc15ef6882125e7c77c794c5e73429de832/msvc_runtime-14.44.35112-cp314-cp314-win_amd64.whl", hash = "sha256:af179a6c552070e660493765efd5856283af3fed971ddc3577203a7d3f1ee8e7", size = 1976906, upload-time = "2025-08-08T03:58:05.079Z" },
    { url = "https://files.pythonhosted.org/packages/93/b3/bdb7c215d1080ea08deb5e151dc261f74f5b1d25544947e31e902eb1253f/msvc_runtime-14.44.35112-cp314-cp314-win_arm64.whl", hash = "sha256:81eb9346ab2a269ea934bf13492fe5c1cd50af871a2fbb973f0a514031e81b6a", size = 3300540, upload-time = "2025-08-08T03:58:06.52Z" },
    { url = "https://files.pythonhosted.org/packages/95/99/271ff26cf07d875766efa4a376fe9415c033f07fe85a1371a071aaa37aca/msvc_runtime-14.44.35112-cp314-cp314t-win32.whl", hash = "sha256:38d64f2db707be465a79c87f0bec347249af89614550d10ed0345f6a7f80cf73", size = 1976674, upload-time = "2025-08-08T03:58:07.902Z" },
    { url = "https://files.pythonhosted.org/packages/47/eb/76fd58fd64209e7f3dbfe59237e2c49ee6bdd4c21eba9efe5a2354dacd3e/msvc_runtime-14.44.35112-cp314-cp314t-win_amd64.whl", hash = "sha256:1105f8f8117ee210b85bd8c771dbefff8f8d35771ee7ce3291ddd91d2a03eff1", size = 1977068, upload-time = "2025-08-08T03:58:09.376Z" },
    { url = "https://files.pythonhosted.org/packages/e2/38/b1ff1734e257c99a6450c60a1632d0c9ddbdb049ee4095439a591a0949a5/msvc_runtime-14.44.35112-cp314-cp314t-win_arm64.whl", hash = "sha256:a2ab094e35fa04172f6fd5cfc7d2a2017755ea9c3ff39cad5c2a4456e0bff689", size = 3300780, upload-time = "2025-08-08T03:58:11.061Z" },
]

[[package]]
name = "pyntcore"
version = "2026.2.2"
source = { registry = "https://pypi.org/simple" }
dependencies = [
    { name = "robotpy-native-ntcore" },
    { name = "robotpy-wpinet" },
    { name = "robotpy-wpiutil" },
]
wheels = [
    { url = "https://files.pythonhosted.org/packages/a3/e3/780d7ec9c8f5eaa8ba299a781594665404d48322ce70f265618b4196fddf/pyntcore-2026.2.2-cp314-cp314-macosx_13_0_arm64.whl", hash = "sha256:886c55151d320b76f0fbca5fabcf4e725136eddb2440cadd42186b3758378d0d", size = 1171304, upload-time = "2026-03-13T02:29:51.01Z" },
    { url = "https://files.pythonhosted.org/packages/9b/28/529be77f7b4300bca46477298a771d1070c4058f90c0a756f52dd82f4ebe/pyntcore-2026.2.2-cp314-cp314-macosx_13_0_x86_64.whl", hash = "sha256:bc3c54904c1362fdf0fc5f4269ce1287620e06548003b5bf537cda51854bc56b", size = 1177211, upload-time = "2026-03-13T02:29:52.503Z" },
    { url = "https://files.pythonhosted.org/packages/dc/8f/d7ad84009674626389ba7d772f967f19a5502b3c4d01fbbad28787b6be23/pyntcore-2026.2.2-cp314-cp314-manylinux_2_35_aarch64.whl", hash = "sha256:c92a53d35192aae43db9fe54ec7355db55b7b5d05d5a98caa4039206b247fbe3", size = 1355140, upload-time = "2026-03-13T02:29:53.789Z" },
    { url = "https://files.pythonhosted.org/packages/e9/74/164cfd33493f853ac396824c12aedf6dc86547affbc930e6f126471e8b6f/pyntcore-2026.2.2-cp314-cp314-manylinux_2_35_x86_64.whl", hash = "sha256:d96ffee8b29c8a548c7d57a8dc0093e8c1415dd8e1d68ff41b68aff6c23b150f", size = 1526972, upload-time = "2026-03-13T02:29:55.077Z" },
    { url = "https://files.pythonhosted.org/packages/b1/e5/fe5cd451338fcb216b082cf3de4d075aef7666c12ba87e5d39143bd8faae/pyntcore-2026.2.2-cp314-cp314-win_amd64.whl", hash = "sha256:032173e8123d5a1b7dbc5e2e6ca92287f87ff86fb20107a1eaf79ba311a16c22", size = 718989, upload-time = "2026-03-13T02:29:56.648Z" },
]

[[package]]
name = "robotpy-native-ntcore"
version = "2026.2.2"
source = { registry = "https://pypi.org/simple" }
dependencies = [
    { name = "robotpy-native-wpinet" },
    { name = "robotpy-native-wpiutil" },
]
wheels = [
    { url = "https://files.pythonhosted.org/packages/bf/05/0ebac70a1640f1ad7c3b82620939802c4b3c1ee953949f1062a5fd4d45d6/robotpy_native_ntcore-2026.2.2-py3-none-macosx_13_0_universal2.whl", hash = "sha256:1700a68856261b1b734cfbc2ecf06d7126c6d06c1a27bcea4fe26b9a13adb4f0", size = 1190053, upload-time = "2026-03-13T02:28:22.679Z" },
    { url = "https://files.pythonhosted.org/packages/bd/de/f5e164d34cf7b73d730c0f7d74edf0460a30f4d4140677adb70ff2ca1402/robotpy_native_ntcore-2026.2.2-py3-none-manylinux_2_34_aarch64.whl", hash = "sha256:9f7ad344e25ca20cd44d57699d316d83ce690e00f4a8685e4896b0d938cea322", size = 642110, upload-time = "2026-03-13T02:28:24.134Z" },
    { url = "https://files.pythonhosted.org/packages/b9/7a/94f1b729cfc1ccb176b01b8a8f041d5e8ef6d206cbfce9e20233790ea6a6/robotpy_native_ntcore-2026.2.2-py3-none-manylinux_2_34_x86_64.whl", hash = "sha256:d778333100695248ea52c27776a6be4397855b3202081323da3df141176bbf22", size = 673925, upload-time = "2026-03-13T02:28:25.386Z" },
    { url = "https://files.pythonhosted.org/packages/7c/16/c37d49bd11f93f811bce58b0bccc9c9caebfe0738860419a970f91485a9b/robotpy_native_ntcore-2026.2.2-py3-none-win_amd64.whl", hash = "sha256:e3e081f396f813b030f44ec3831e7a1672dbd74ab0266264c00a00b22c95bd1f", size = 783830, upload-time = "2026-03-13T02:28:26.574Z" },
]

[[package]]
name = "robotpy-native-wpimath"
version = "2026.2.2"
source = { registry = "https://pypi.org/simple" }
dependencies = [
    { name = "robotpy-native-wpiutil" },
]
wheels = [
    { url = "https://files.pythonhosted.org/packages/37/a1/51f5c82a1493804331d3750d8c7f8a4bc9d5f31adbce2097277accd0184b/robotpy_native_wpimath-2026.2.2-py3-none-macosx_13_0_universal2.whl", hash = "sha256:42b86a3e3c2506054648c489baff058e13360682c4d88e502b98d6e736ef3316", size = 3744900, upload-time = "2026-03-13T02:28:43.208Z" },
    { url = "https://files.pythonhosted.org/packages/68/3f/1c91feac16b815cccb954fd45638ce373297d449f316771e743e20d4fbb0/robotpy_native_wpimath-2026.2.2-py3-none-manylinux_2_35_aarch64.whl", hash = "sha256:b5514d28ad519651a29df705b8d6154361460fe1226811b153c2dd95b394cd1d", size = 2510368, upload-time = "2026-03-13T02:28:44.849Z" },
    { url = "https://files.pythonhosted.org/packages/54/aa/8b83895a191a1fd778b9357c147848b226d0828cf66a053beff1183d4c69/robotpy_native_wpimath-2026.2.2-py3-none-manylinux_2_35_x86_64.whl", hash = "sha256:9b938312c428419fff512ff5b8680ae5bd436ecae60d45f8d5ae3c1d0999f4d2", size = 2583389, upload-time = "2026-03-13T02:28:46.252Z" },
    { url = "https://files.pythonhosted.org/packages/9c/84/165177b4030c16ae0a9f6f12c20972dae5736f0f5575ffb357e462f03631/robotpy_native_wpimath-2026.2.2-py3-none-win_amd64.whl", hash = "sha256:92f2f1a5edc532a3b9ecdef121cdfb3081e11419be7374c59bd1c7198c99e160", size = 2661129, upload-time = "2026-03-13T02:28:48.047Z" },
]

[[package]]
name = "robotpy-native-wpinet"
version = "2026.2.2"
source = { registry = "https://pypi.org/simple" }
dependencies = [
    { name = "robotpy-native-wpiutil" },
]
wheels = [
    { url = "https://files.pythonhosted.org/packages/d4/4b/d3aa494725aa821c23dd68799e0758683a98729d0a30a376984d756b0c5d/robotpy_native_wpinet-2026.2.2-py3-none-macosx_13_0_universal2.whl", hash = "sha256:eb88b226e4e4af6ee13aa4ffbe4c5a8b472899b085a7369e86d2eef16d7f60e1", size = 1221399, upload-time = "2026-03-13T02:28:49.442Z" },
    { url = "https://files.pythonhosted.org/packages/81/9f/09fbf418f25c3e41daa64ae7e72ce0e75c7dadbfadbf2b87a13ef8f5561b/robotpy_native_wpinet-2026.2.2-py3-none-manylinux_2_35_aarch64.whl", hash = "sha256:592e3625a986a333c97bbdb3cdf7d9412b858dce1377d3255c724b2d04dac0d8", size = 650326, upload-time = "2026-03-13T02:28:50.775Z" },
    { url = "https://files.pythonhosted.org/packages/51/83/e06baa7737569810e06b3f313ccd040951cbda4148940ad19d72a9b778f8/robotpy_native_wpinet-2026.2.2-py3-none-manylinux_2_35_x86_64.whl", hash = "sha256:dec0c3dc6238216d1c2d68caf0cc607e32256b3fd7953f68efc59cb1edc64dea", size = 679403, upload-time = "2026-03-13T02:28:52.005Z" },
    { url = "https://files.pythonhosted.org/packages/25/9a/0b983739478b02038c4577c7a2c44c2c3947d5dde8d0f8f87740be5a790b/robotpy_native_wpinet-2026.2.2-py3-none-win_amd64.whl", hash = "sha256:b3580bb96e9c7e1f1c73106fe130140747537a024ca6135c3da22eb37f2ba9c2", size = 780487, upload-time = "2026-03-13T02:28:53.141Z" },
]

[[package]]
name = "robotpy-native-wpiutil"
version = "2026.2.2"
source = { registry = "https://pypi.org/simple" }
dependencies = [
    { name = "msvc-runtime", marker = "sys_platform == 'win32'" },
]
wheels = [
    { url = "https://files.pythonhosted.org/packages/37/c3/8518d0d32d25e4c1332d11487537b8f33a12dbe7b7e02775806e2d837492/robotpy_native_wpiutil-2026.2.2-py3-none-macosx_13_0_universal2.whl", hash = "sha256:b55cb828d593ae7cc7ceee2fe6865461eaf103c17bbb3460fd698dd24fb9f8b8", size = 3921028, upload-time = "2026-03-13T02:28:54.739Z" },
    { url = "https://files.pythonhosted.org/packages/51/bb/2147e373098de3a8996db9852d70a1708dd6208a591d926b989f1bbcc4bc/robotpy_native_wpiutil-2026.2.2-py3-none-manylinux_2_35_aarch64.whl", hash = "sha256:2478c76d0bb257be9dc8fc573d101e4aac67de7e4919b354de5359e6176854a8", size = 2598548, upload-time = "2026-03-13T02:28:56.239Z" },
    { url = "https://files.pythonhosted.org/packages/45/8c/13852e5af1b53e16a25d82d26544455eb6e826f8661c497244434f14076f/robotpy_native_wpiutil-2026.2.2-py3-none-manylinux_2_35_x86_64.whl", hash = "sha256:344462c441bbee86cd98062d8de99c1ae6259fc949b6dcec6c8cbfdfc48075ff", size = 2703538, upload-time = "2026-03-13T02:28:57.684Z" },
    { url = "https://files.pythonhosted.org/packages/50/60/5c3aa5772a2374a14884feab36e6a81443ea406801e3a2c15dbc59fdefd1/robotpy_native_wpiutil-2026.2.2-py3-none-win_amd64.whl", hash = "sha256:22250743e9c11f1381a57ef3e7eefa835073a164853805072dc54991527304d2", size = 3006586, upload-time = "2026-03-13T02:28:59.043Z" },
]

[[package]]
name = "robotpy-wpimath"
version = "2026.2.2"
source = { registry = "https://pypi.org/simple" }
dependencies = [
    { name = "robotpy-native-wpimath" },
    { name = "robotpy-wpiutil" },
]
wheels = [
    { url = "https://files.pythonhosted.org/packages/8b/44/e5d3faeecfc2a7b5fa68c2ddf0c5a3fc29bdf3a7064964199cd109ca0446/robotpy_wpimath-2026.2.2-cp314-cp314-macosx_13_0_arm64.whl", hash = "sha256:d7ffb557134561ada2ba3cb6db5b925ddfe02f85d1c1fa7cf61fed13ae3d93f5", size = 3504218, upload-time = "2026-03-13T02:33:37.052Z" },
    { url = "https://files.pythonhosted.org/packages/91/bc/2ea1307779650eb1f72cd2ba329a5581498a855e896bb0d56da02e9c8335/robotpy_wpimath-2026.2.2-cp314-cp314-macosx_13_0_x86_64.whl", hash = "sha256:863c504214d1eb2fb19175343324c8bf9e300338a1f0392d3ed216ac9b2b4666", size = 3621846, upload-time = "2026-03-13T02:33:38.529Z" },
    { url = "https://files.pythonhosted.org/packages/53/44/859477e66fecffea66833fd0194b674e552c61d64cf77a2533884e02bace/robotpy_wpimath-2026.2.2-cp314-cp314-manylinux_2_35_aarch64.whl", hash = "sha256:dd74a04b825c11728fe9812cf1bdc9330e35da8706b9cb2d8e473cc3171f3181", size = 4804270, upload-time = "2026-03-13T02:33:40.15Z" },
    { url = "https://files.pythonhosted.org/packages/a2/72/41e8088aee14e88683b2d05ce5ad700b16a7987315513ddebe0e7c085e73/robotpy_wpimath-2026.2.2-cp314-cp314-manylinux_2_35_x86_64.whl", hash = "sha256:971b15e7ad7318df49234000f152037c51775676e8f532ec3e8815773d9fa3a9", size = 5413048, upload-time = "2026-03-13T02:33:41.612Z" },
    { url = "https://files.pythonhosted.org/packages/e6/71/bdc8b4b74012a77ba13c43ad972c9aa1970abe14b8225ef938b3eb05cb47/robotpy_wpimath-2026.2.2-cp314-cp314-win_amd64.whl", hash = "sha256:c13be0eaf21e9261ecb15367ba44c3d5920b7fea14c6b743bd384c741fc2f211", size = 2378858, upload-time = "2026-03-13T02:33:43.001Z" },
]

[[package]]
name = "robotpy-wpinet"
version = "2026.2.2"
source = { registry = "https://pypi.org/simple" }
dependencies = [
    { name = "robotpy-native-wpinet" },
    { name = "robotpy-wpiutil" },
]
wheels = [
    { url = "https://files.pythonhosted.org/packages/01/82/c844d8ce43df54f2ea48b494a02fca840f9065f05ecff6fb376214d7aa12/robotpy_wpinet-2026.2.2-cp314-cp314-macosx_13_0_arm64.whl", hash = "sha256:c6e819c3071d15e94da040d1d0b1a721dd50ac13dc711d6658fd33a318d3a30c", size = 97700, upload-time = "2026-03-13T02:34:06.81Z" },
    { url = "https://files.pythonhosted.org/packages/54/4b/0dc0a40b33eb2c5b17f52472a4437ea0b09e8ca1b0b719cafd9c686d29c6/robotpy_wpinet-2026.2.2-cp314-cp314-macosx_13_0_x86_64.whl", hash = "sha256:f760f50735d2a5265fa6863dcc37d3231e6c772d15197b414cb925ab1dcf8b03", size = 100583, upload-time = "2026-03-13T02:34:07.795Z" },
    { url = "https://files.pythonhosted.org/packages/c8/18/2ccac66babe4ab8263009e256b65a1861ddbd672aee669d5676926920f3a/robotpy_wpinet-2026.2.2-cp314-cp314-manylinux_2_35_aarch64.whl", hash = "sha256:e4a60bc50927e3071e3eb08c414a56dcfe48537636b027838d5dc2baa60e22b3", size = 113183, upload-time = "2026-03-13T02:34:10.241Z" },
    { url = "https://files.pythonhosted.org/packages/f3/94/819448827c653f5dd92705147a680eb0a350b8d3cac45720b8c8fac9857b/robotpy_wpinet-2026.2.2-cp314-cp314-manylinux_2_35_x86_64.whl", hash = "sha256:aaca8eb0dca3074d69d40e58f511af106ed9c05abe28ba36213ce519bed0e93c", size = 118337, upload-time = "2026-03-13T02:34:11.311Z" },
    { url = "https://files.pythonhosted.org/packages/27/fd/2a7304960ccc2b8c3c3e0b2085550adae83ecb29b4a93544bcf250c522ab/robotpy_wpinet-2026.2.2-cp314-cp314-win_amd64.whl", hash = "sha256:3c87a1d7d940bd5737909cbdc4b8869dc80f2d1ecd923a25167c84e5916776c2", size = 90685, upload-time = "2026-03-13T02:34:12.705Z" },
]

[[package]]
name = "robotpy-wpiutil"
version = "2026.2.2"
source = { registry = "https://pypi.org/simple" }
dependencies = [
    { name = "robotpy-native-wpiutil" },
]
wheels = [
    { url = "https://files.pythonhosted.org/packages/a9/d0/4fb65bc8de9b83d656bbba2bb8b4fe8cb05df467a4ac6b9257ee795a99ad/robotpy_wpiutil-2026.2.2-cp314-cp314-macosx_13_0_arm64.whl", hash = "sha256:ae0acd43cdbf2309af0a98c0e8d180a2e9bfce691605a2fbb3a75b0a2633b803", size = 584096, upload-time = "2026-03-13T02:34:39.189Z" },
    { url = "https://files.pythonhosted.org/packages/bc/44/13f59667a783fad30c2bfb0c580d4991576aa24b9c77d18908f988314b39/robotpy_wpiutil-2026.2.2-cp314-cp314-macosx_13_0_x86_64.whl", hash = "sha256:55aa86c9a1b6df28cfc965d2fe99bca49624257f4c3f0c7b3be74b54c2a6897b", size = 589690, upload-time = "2026-03-13T02:34:40.35Z" },
    { url = "https://files.pythonhosted.org/packages/74/59/890e15fddee5d0b870ac833f72f4aa3b1482cc3d7a366ba69e902fa82467/robotpy_wpiutil-2026.2.2-cp314-cp314-manylinux_2_35_aarch64.whl", hash = "sha256:4cc6fdebe4a9abfe39de3bc7e666cc78dba79020c7276f73d41ee714e81efc58", size = 606703, upload-time = "2026-03-13T02:34:41.534Z" },
    { url = "https://files.pythonhosted.org/packages/b7/8a/85dfeb209250ae209dca688bacfd88e3ffdae67505191131d3a8f92aeede/robotpy_wpiutil-2026.2.2-cp314-cp314-manylinux_2_35_x86_64.whl", hash = "sha256:a428b6eb56d211aa1f7612a6324e538ced5ead5fa960b16ea63cd17723e3e2d9", size = 671868, upload-time = "2026-03-13T02:34:43.028Z" },
    { url = "https://files.pythonhosted.org/packages/82/4d/5f9bfbb1ea0a0d721b60caba09cd5d167735eb5c4b0b3e8ef2b5f3c00580/robotpy_wpiutil-2026.2.2-cp314-cp314-win_amd64.whl", hash = "sha256:37e1a4fdabf50263b1322a6efbe9c4d732c6374353fa7384fea633b737531f47", size = 357679, upload-time = "2026-03-13T02:34:45.231Z" },
]

[[package]]
name = "simcontroller"
version = "0.1.0"
source = { virtual = "." }
dependencies = [
    { name = "pyntcore" },
    { name = "robotpy-wpimath" },
    { name = "websockets" },
]

[package.metadata]
requires-dist = [
    { name = "pyntcore", specifier = "==2026.2.2" },
    { name = "robotpy-wpimath", specifier = "==2026.2.2" },
    { name = "websockets", specifier = ">=17.1" },
]

[[package]]
name = "websockets"
version = "17.1"
source = { registry = "https://pypi.org/simple" }
sdist = { url = "https://files.pythonhosted.org/packages/18/72/fba934cb3dff7a85d811820efffcd141ddd52b5a2a01637f64551373ff4d/websockets-17.1.tar.gz", hash = "sha256:acfea4c20bf54384883ea33b1240fc1db4f52e190823a4e2b334bc3e8bfca96a", size = 187520, upload-time = "2026-08-26T17:25:33.063Z" }
wheels = [
    { url = "https://files.pythonhosted.org/packages/90/0d/500cf5daea09d4669dff3a7d67159094a0bd6c4ef130381404f6edd3eb5f/websockets-17.1-cp314-cp314-macosx_10_15_universal2.whl", hash = "sha256:0c9982938980e086da59f70d05f9418cd143401a601a0faac10fa48f7bb1cd3e", size = 217048, upload-time = "2026-08-26T14:56:36.03Z" },
    { url = "https://files.pythonhosted.org/packages/97/12/5b12c6168aa269cffbfd24d177cd492b130120403a418c7e89462e27b4ac/websockets-17.1-cp314-cp314-macosx_10_15_x86_64.whl", hash = "sha256:57b39dc8541cf7ed3f639da82bf7451060483967f9e733da1f8173e4095f0642", size = 214737, upload-time = "2026-08-26T14:56:37.43Z" },
    { url = "https://files.pythonhosted.org/packages/0c/36/e453e5106e4e2416f008ac222837c2f1637a063b08008afcd1088889b631/websockets-17.1-cp314-cp314-macosx_11_0_arm64.whl", hash = "sha256:96abdecbaae746851b87c3a36cb4a661df93ca3d92f114270f79228bf1d00de6", size = 214955, upload-time = "2026-08-26T14:56:38.71Z" },
    { url = "https://files.pythonhosted.org/packages/dd/30/0204bb86176db02cdfc678ce65ed808a66fab87d250ce61a8790800a60b0/websockets-17.1-cp314-cp314-manylinux1_i686.manylinux_2_28_i686.manylinux_2_5_i686.whl", hash = "sha256:d9fc873e239c5abeb150bc24dbd1a7af23a9254526383ce0a077f5e20adbeb19", size = 224331, upload-time = "2026-08-26T14:56:39.924Z" },
    { url = "https://files.pythonhosted.org/packages/46/c8/d8372256e00c4e3cab1115c45075d1eeedb642a3f2b42bd70c4deae03f06/websockets-17.1-cp314-cp314-manylinux1_x86_64.manylinux_2_28_x86_64.manylinux_2_5_x86_64.whl", hash = "sha256:6f42912fa9eb4cb7c7ec9fde9b3332ba339eb8a8811981043d4029599f3d950b", size = 224685, upload-time = "2026-08-26T14:56:41.169Z" },
    { url = "https://files.pythonhosted.org/packages/12/7d/650355b8f67f908ff99603351d4458d1a0b787d627950a47c38db7e25308/websockets-17.1-cp314-cp314-manylinux2014_aarch64.manylinux_2_17_aarch64.manylinux_2_28_aarch64.whl", hash = "sha256:f98bf378d7a5be047a044a1a27c987a8f355e10e3b5754617dbe756248cbc5ce", size = 225927, upload-time = "2026-08-26T14:56:42.359Z" },
    { url = "https://files.pythonhosted.org/packages/34/6c/a9ffa5b903579eed76017870f055d75ecc73988d9d0c9b65a92ba0bf2a27/websockets-17.1-cp314-cp314-manylinux2014_armv7l.manylinux_2_17_armv7l.manylinux_2_31_armv7l.whl", hash = "sha256:d334d11398086bb5559606cb42d51c013ea7c061c7db701521392373d3c087f5", size = 227300, upload-time = "2026-08-26T14:56:43.538Z" },
    { url = "https://files.pythonhosted.org/packages/9b/5d/4551c2269066af7481ee44605a0813770961615b5b5da3e87a8f5cb859ea/websockets-17.1-cp314-cp314-manylinux2014_ppc64le.manylinux_2_17_ppc64le.manylinux_2_28_ppc64le.whl", hash = "sha256:5c27336b1a0ac56569493e858497870347854372395f50483725f8cdacc5a45c", size = 226533, upload-time = "2026-08-26T14:56:44.669Z" },
    { url = "https://files.pythonhosted.org/packages/3c/43/237a99233e5c445759a613831b3a92e91905afc064dc3bd0ad33c35fd1e2/websockets-17.1-cp314-cp314-manylinux2014_s390x.manylinux_2_17_s390x.manylinux_2_28_s390x.whl", hash = "sha256:67258b00302a5aaf0b267771c7014b13429abd7ea17eebc4c55bd935ff101555", size = 225280, upload-time = "2026-08-26T14:56:45.83Z" },
    { url = "https://files.pythonhosted.org/packages/d3/b5/e9407a91613d1d1cd932414143a1012096b26674a782fc55a0bd23217ee4/websockets-17.1-cp314-cp314-manylinux_2_31_riscv64.manylinux_2_39_riscv64.whl", hash = "sha256:455ffeea0879d313205df1e745e5883e1feb7f31ecd26be882f5f0babd3db04f", size = 222540, upload-time = "2026-08-26T14:56:47.053Z" },
    { url = "https://files.pythonhosted.org/packages/db/d2/db76628db0577b783205d9779f64d8e373416b04c62d1546be4b75dc8540/websockets-17.1-cp314-cp314-musllinux_1_2_aarch64.whl", hash = "sha256:f7233eaf441a345a5943a929fd4b5ea3278f11aed35a9ed0f3106b8cb3ca846a", size = 225354, upload-time = "2026-08-26T14:56:48.32Z" },
    { url = "https://files.pythonhosted.org/packages/a9/4c/2174181c067b89a74ae18e2650c2ac29959f4b796afe876ab3f4d30d642c/websockets-17.1-cp314-cp314-musllinux_1_2_armv7l.whl", hash = "sha256:c65da239a5ad553619804c1f9d65c1a0b3005381c6158ee14da2c7444cbd0c78", size = 223867, upload-time = "2026-08-26T14:56:49.579Z" },
    { url = "https://files.pythonhosted.org/packages/df/75/274decb9a8253561b5be3261e02a6676fc8ecdf31e95b722e53d5bfb8fd2/websockets-17.1-cp314-cp314-musllinux_1_2_i686.whl", hash = "sha256:9fa1ffa08c81a4f809cdab6129f8e55bee4650b9d6d3461019dda73aacd146b6", size = 224652, upload-time = "2026-08-26T14:56:50.885Z" },
    { url = "https://files.pythonhosted.org/packages/9f/e6/49824f1fb4db7656d2f7492b1d8be16147b759d909490e32f4776843ee64/websockets-17.1-cp314-cp314-musllinux_1_2_ppc64le.whl", hash = "sha256:406b8107943a43ef4649b1e0cb0cdc052bbf08fe1c8905a623c4af9586e5cebb", size = 225822, upload-time = "2026-08-26T14:56:52.356Z" },
    { url = "https://files.pythonhosted.org/packages/b8/6a/5dc43838c0b02a95f42c47a0de33c5ddd7767a9feeb4d0d8777ac1cfefe4/websockets-17.1-cp314-cp314-musllinux_1_2_riscv64.whl", hash = "sha256:4e8ffcb486c8490a34a4cef5e4409d8da5a1cb1681e5bf7d786ce5e84aa8540d", size = 223379, upload-time = "2026-08-26T14:56:53.699Z" },
    { url = "https://files.pythonhosted.org/packages/c2/62/585637cf06d6b321232f79c55dc14d65518d12cf87c94c44f5864068810e/websockets-17.1-cp314-cp314-musllinux_1_2_s390x.whl", hash = "sha256:fb88076df585b69c5761c387c0081aa87d7b9eb1b205a6535ca4777e25650d81", size = 224330, upload-time = "2026-08-26T14:56:55.184Z" },
    { url = "https://files.pythonhosted.org/packages/de/68/c3b234a6a1366b6ab5bbfaa4434a1b946e1dc4e8ddd6824bfd93a8835b7f/websockets-17.1-cp314-cp314-musllinux_1_2_x86_64.whl", hash = "sha256:5d4724255fb8398acd9e583b97eb2279cec20e0bd0f9a94bf75f6056ef9f13da", size = 224622, upload-time = "2026-08-26T14:56:56.393Z" },
    { url = "https://files.pythonhosted.org/packages/6a/d4/84cf3d1376f5d8207f55f43c1c818babd6b89447f5dcd01f18a6d5526796/websockets-17.1-cp314-cp314-win32.whl", hash = "sha256:be3f0129c5654517b2abf07dcb75bb1d9479759a4ccfb569e8293579e9fc029a", size = 217036, upload-time = "2026-08-26T14:56:57.652Z" },
    { url = "https://files.pythonhosted.org/packages/d0/0f/9e7ac63c5d7cb642952200814f584318e65146df008b7d375d5d9c6b2c97/websockets-17.1-cp314-cp314-win_amd64.whl", hash = "sha256:2a4dc6ef83f4559e0d05f313a375cb38f63c986096a9da99fe94fdd779d313e5", size = 217382, upload-time = "2026-08-26T14:56:59.065Z" },
    { url = "https://files.pythonhosted.org/packages/54/bb/1ae6b91f7f3ac05f5c9f14a72dc2181c115ff370bcd8a7f10f02c174adfd/websockets-17.1-cp314-cp314-win_arm64.whl", hash = "sha256:46c0331c9eaaf73a559f3a9e388466be0df96eb83d40f06f1ca6ab6613b35c82", size = 217268, upload-time = "2026-08-26T14:57:00.654Z" },
    { url = "https://files.pythonhosted.org/packages/b3/f0/f65644d0e0b2b90918a8c41503841cc4072a58f2bf76c09bc36e751fc0dd/websockets-17.1-cp314-cp314t-macosx_10_15_universal2.whl", hash = "sha256:d411ea5ca18ac1b12c0c94be88b60c18ca641ac43bcdfdf1c9f79d46cdbe1603", size = 217379, upload-time = "2026-08-26T14:57:02.181Z" },
    { url = "https://files.pythonhosted.org/packages/ff/35/4c46d1f620ac1a30f92b6eae78ee40a772a93f568647ca7ccdc5ea283cf8/websockets-17.1-cp314-cp314t-macosx_10_15_x86_64.whl", hash = "sha256:07fa3e7c30e2c577928d359b56bf872a3e0cbcc15553eaa0907c1ee86344b56f", size = 214911, upload-time = "2026-08-26T14:57:03.478Z" },
    { url = "https://files.pythonhosted.org/packages/04/6e/4587e8406d7c1188e97b9cf466c081e93399380d447f885bfce81626cd37/websockets-17.1-cp314-cp314t-macosx_11_0_arm64.whl", hash = "sha256:6de9acef07e3a78e9567fcd26c29011a4da8f050b13004bbf880a0fd82a6eea5", size = 215115, upload-time = "2026-08-26T14:57:04.692Z" },
    { url = "https://files.pythonhosted.org/packages/ec/06/1381c8fff525041025909eb80ace32489194a00ba22a0a8d428030afcc84/websockets-17.1-cp314-cp314t-manylinux1_i686.manylinux_2_28_i686.manylinux_2_5_i686.whl", hash = "sha256:ea0ed9373b880115911d9d39634bccc95b8ce590c9c42e8589f5cacc3ef3cee2", size = 224696, upload-time = "2026-08-26T14:57:05.899Z" },
    { url = "https://files.pythonhosted.org/packages/36/9d/9034e867dc85340be058619751742b895f722326e83100d110063461ca07/websockets-17.1-cp314-cp314t-manylinux1_x86_64.manylinux_2_28_x86_64.manylinux_2_5_x86_64.whl", hash = "sha256:50903d335bfda026c2fa11dd9aed09d8cbee0c451e3a85122a9acb041b7dc69b", size = 224975, upload-time = "2026-08-26T14:57:07.262Z" },
    { url = "https://files.pythonhosted.org/packages/40/eb/ed03aa3cae748ebf6397e5d44028f433f746bad09dc568ff754fda3a3c9b/websockets-17.1-cp314-cp314t-manylinux2014_aarch64.manylinux_2_17_aarch64.manylinux_2_28_aarch64.whl", hash = "sha256:5a74531ce81af587f906ab42f194032388fcff8fc7938402e5917c9147a39441", size = 226151, upload-time = "2026-08-26T14:57:08.524Z" },
    { url = "https://files.pythonhosted.org/packages/b1/c9/cc1964a096d16f3b73cb1ee5f14f277f5a3bcac07c6e8f9a1dcded99f4c8/websockets-17.1-cp314-cp314t-manylinux2014_armv7l.manylinux_2_17_armv7l.manylinux_2_31_armv7l.whl", hash = "sha256:8fbf28e639544503b7d1c96452a5e5e043e4108d89b1f3fa02910603622d19db", size = 228292, upload-time = "2026-08-26T14:57:09.846Z" },
    { url = "https://files.pythonhosted.org/packages/1a/26/46da6dd0363c2db2e4876fd59a40fd40c1943a82d7018d0a33afbce47d52/websockets-17.1-cp314-cp314t-manylinux2014_ppc64le.manylinux_2_17_ppc64le.manylinux_2_28_ppc64le.whl", hash = "sha256:f612dc57f00c07cf4aa2673f7cbceabd654ad2457b7e639f061b794d6e11f9fd", size = 226722, upload-time = "2026-08-26T14:57:11.118Z" },
    { url = "https://files.pythonhosted.org/packages/78/98/ecd8f5e1c5d0e54c08ebc5c66852271112166db68107cb0e17ca1bf25009/websockets-17.1-cp314-cp314t-manylinux2014_s390x.manylinux_2_17_s390x.manylinux_2_28_s390x.whl", hash = "sha256:1c7ac77401227212dc6e849182feee50d57cf456ec6329ffd6979c94bb136c5c", size = 225451, upload-time = "2026-08-26T14:57:12.601Z" },
    { url = "https://files.pythonhosted.org/packages/65/4d/da8d2760db53e17aae763738b6ba834b1fcf16813d3632f3edb6951e1ec8/websockets-17.1-cp314-cp314t-manylinux_2_31_riscv64.manylinux_2_39_riscv64.whl", hash = "sha256:32a2a68d989d6e5b74a9d5095415c51189ebae29fceb7cf2b64a1c0318a81256", size = 223003, upload-time = "2026-08-26T14:57:13.875Z" },
    { url = "https://files.pythonhosted.org/packages/a4/40/ea401c141a79c5b1d0021a0dab9d0df2051c108f1620fbb39a6e7c714c3b/websockets-17.1-cp314-cp314t-musllinux_1_2_aarch64.whl", hash = "sha256:aec00f018d34c67500ff0438dc314b40277be4a1b983cbacbf53ccf7db63e257", size = 225704, upload-time = "2026-08-26T14:57:15.091Z" },
    { url = "https://files.pythonhosted.org/packages/e1/8e/07ab3f44215d89840d5385fdcaaab1fed8caeffa67c6899e15062957c12c/websockets-17.1-cp314-cp314t-musllinux_1_2_armv7l.whl", hash = "sha256:0014eaff8ad5b3b43feda2279f9d34bf2eaae040720b9fbbb55944b10f40b14d", size = 224192, upload-time = "2026-08-26T14:57:16.3Z" },
    { url = "https://files.pythonhosted.org/packages/58/93/ccf1af0a23e5748d4e22292a377d78d15cf294d7e707bbb11a8990ae6bd5/websockets-17.1-cp314-cp314t-musllinux_1_2_i686.whl", hash = "sha256:db9d7ee47f3ba531e278be539af39e2c7c7d28fb94897b6cd1120d63b0ef5922", size = 225082, upload-time = "2026-08-26T14:57:17.531Z" },
    { url = "https://files.pythonhosted.org/packages/e2/db/e32200f99ce282e728d2929f2c429db353cf3282db7d0eba99eb32c9fec1/websockets-17.1-cp314-cp314t-musllinux_1_2_ppc64le.whl", hash = "sha256:ff3e2ba7a9f0a110b0555452e9b5a03a34e11662544e01beea15f144b48ba7b7", size = 226101, upload-time = "2026-08-26T14:57:18.802Z" },
    { url = "https://files.pythonhosted.org/packages/28/3d/e7a6e9777b29433620167c98f3caaff0d6b08b1239a273ef7f7fd1393349/websockets-17.1-cp314-cp314t-musllinux_1_2_riscv64.whl", hash = "sha256:6da17fc94bd270f5987b10bee113461ac36a36a98b0481ddcc98056e5a90001a", size = 223794, upload-time = "2026-08-26T14:57:20.313Z" },
    { url = "https://files.pythonhosted.org/packages/48/05/ac569090726dedd6656f3ee28b0c02dfb1ba76e898dceaccc2987a237cef/websockets-17.1-cp314-cp314t-musllinux_1_2_s390x.whl", hash = "sha256:e8dc3fa6d6b7ead3f9de57895f41b116a28787548e066365d9d90f7356bcaad2", size = 224567, upload-time = "2026-08-26T14:57:21.634Z" },
    { url = "https://files.pythonhosted.org/packages/14/50/4ef62941111db6b31193f4fabbb65f845a5177579040cb8fe0d774d25034/websockets-17.1-cp314-cp314t-musllinux_1_2_x86_64.whl", hash = "sha256:b65d5fe48219dc2d5e158de9e6514e75600f379cc7e37108d35f31764c155566", size = 224993, upload-time = "2026-08-26T14:57:22.86Z" },
    { url = "https://files.pythonhosted.org/packages/28/42/2b95ada4ea19bf3a2072b68669ce4f4afb212690b727d31640576287fd68/websockets-17.1-cp314-cp314t-win32.whl", hash = "sha256:2cce251f3e2469b99b6802b55435bcdd07123b41870f54c87b336183af9d7e68", size = 217168, upload-time = "2026-08-26T14:57:24.466Z" },
    { url = "https://files.pythonhosted.org/packages/32/0a/67d5ee08dd8060a37d612fd40a625b5376ad19ae48fe1c8ad428c278b817/websockets-17.1-cp314-cp314t-win_amd64.whl", hash = "sha256:8f6c38cdcaf98a911d7acc25577f2f9e710f3a2fc2bde1563556784320196b51", size = 217508, upload-time = "2026-08-26T14:57:25.983Z" },
    { url = "https://files.pythonhosted.org/packages/76/a3/822005d0c674451d2411027b878cdc128a2b7ea5a30d337d9e279da22eba/websockets-17.1-cp314-cp314t-win_arm64.whl", hash = "sha256:d1e2f5fa2b6d01f0d85b4f223fea7ed1d504be282a02a81bd2be4817ef7a2f03", size = 217425, upload-time = "2026-08-26T14:57:27.324Z" },
    { url = "https://files.pythonhosted.org/packages/de/d5/99a6c6a1eb5d5ae9f45f59a3c97f4e3b21f310eb404a547fb3e7d2fc054c/websockets-17.1-cp315-cp315-macosx_10_15_universal2.whl", hash = "sha256:88381602e379165b66244b2ebc29f9b23ea0851fbe63ae157f91ca324f072d6f", size = 216970, upload-time = "2026-08-26T14:57:28.575Z" },
    { url = "https://files.pythonhosted.org/packages/a6/0e/1e7f6e833728193958d3ed3d67b5d57c3c7cfa948abf94d4bc553257c954/websockets-17.1-cp315-cp315-macosx_10_15_x86_64.whl", hash = "sha256:88bc5138e53903a85c354e59df7ba73ce306f7b09724cef74dba121e60a88ce2", size = 214699, upload-time = "2026-08-26T14:57:29.862Z" },
    { url = "https://files.pythonhosted.org/packages/07/00/95d39549f86e34425a0412bcbe61708dd1fc46af654e2134a6c4389102ad/websockets-17.1-cp315-cp315-macosx_11_0_arm64.whl", hash = "sha256:3546ef55b3a074494106508bc6505c73825970d2d9505f7bf53882b3e88b0d1e", size = 214927, upload-time = "2026-08-26T14:57:31.148Z" },
    { url = "https://files.pythonhosted.org/packages/4c/ff/b442415fc4f7f9943b0fc8e8eebaa13923ca73361e167c439ba634eecbd9/websockets-17.1-cp315-cp315-manylinux1_i686.manylinux_2_28_i686.manylinux_2_5_i686.whl", hash = "sha256:9ae55d24241fc055f22aea3ac924559069848bd0ad4ea065fdd72d2194685fe8", size = 224373, upload-time = "2026-08-26T14:57:32.833Z" },
    { url = "https://files.pythonhosted.org/packages/a8/dd/b83537aae4cf61615b9d8b2dbb235c0030ba85457a6d934798273814600f/websockets-17.1-cp315-cp315-manylinux1_x86_64.manylinux_2_28_x86_64.manylinux_2_5_x86_64.whl", hash = "sha256:d7b349265fad6244013eecd99df8d83c12bf3013943e431f4fadd5bffc37db42", size = 224801, upload-time = "2026-08-26T14:57:34.041Z" },
    { url = "https://files.pythonhosted.org/packages/76/83/5ab0abed58454909e8dbab45086ac68ee4556d7a8ada26735addc909b903/websockets-17.1-cp315-cp315-manylinux2014_aarch64.manylinux_2_17_aarch64.manylinux_2_28_aarch64.whl", hash = "sha256:dc5789e5ea182b77a38881383ada5347202a6c66f4857d054e075290e80b604b", size = 225967, upload-time = "2026-08-26T14:57:35.292Z" },
    { url = "https://files.pythonhosted.org/packages/4b/26/e2412f2b998a8c1dfc00c0709ff6ee0c634dd0b0b4f92bdfe9667876b71c/websockets-17.1-cp315-cp315-manylinux2014_armv7l.manylinux_2_17_armv7l.manylinux_2_31_armv7l.whl", hash = "sha256:ce13c7d233239e739600a57d4a73c1192ad8259e655a4d55aa1a454242bc809d", size = 227664, upload-time = "2026-08-26T14:57:36.493Z" },
    { url = "https://files.pythonhosted.org/packages/ec/25/0dd4495df3c0e02f6db705312ba85ab9b2dd42257dc23eb0da10066e4844/websockets-17.1-cp315-cp315-manylinux2014_ppc64le.manylinux_2_17_ppc64le.manylinux_2_28_ppc64le.whl", hash = "sha256:1036189bd34b0bc1b10a4679321e2c7968af317efe6e8e4c1c5141c4254fb5bb", size = 226447, upload-time = "2026-08-26T14:57:37.781Z" },
    { url = "https://files.pythonhosted.org/packages/be/67/6df3f63ffc48f08126ed0cd2fd2a41092967c3e364f8ec100deae90b6d77/websockets-17.1-cp315-cp315-manylinux2014_s390x.manylinux_2_17_s390x.manylinux_2_28_s390x.whl", hash = "sha256:e78fd4b7b2c5086a38671c9c882c1e643385eccea360b5b1fda4a105e590087e", size = 225343, upload-time = "2026-08-26T14:57:39.133Z" },
    { url = "https://files.pythonhosted.org/packages/b1/8d/a8479bbb09ff054907d141123d8f52fb6ae5ac39c6dbe39e6a02a8408309/websockets-17.1-cp315-cp315-manylinux_2_31_riscv64.manylinux_2_39_riscv64.whl", hash = "sha256:46e7a10bf04318c7b0c0273791925ae5e1cbe4a11e34aa934d2ef27862058a80", size = 222748, upload-time = "2026-08-26T14:57:40.478Z" },
    { url = "https://files.pythonhosted.org/packages/40/fb/4c3d2a3269cde3f3087916de9c3d9fc5d7196b46846d8c3a9ae59ad0a884/websockets-17.1-cp315-cp315-musllinux_1_2_aarch64.whl", hash = "sha256:33e45c7ea38428e740a7f233555d71df0b875cef7fc080acebc9654475e35335", size = 225453, upload-time = "2026-08-26T14:57:41.859Z" },
    { url = "https://files.pythonhosted.org/packages/7f/1c/6467b401d19408f34e1c7389c222c2c7e1dfdf08c551190269b5eabc726c/websockets-17.1-cp315-cp315-musllinux_1_2_armv7l.whl", hash = "sha256:6e63c01803be425ff062b7f7fc201a74def1d49fc94a2410dd17375df75936e9", size = 224112, upload-time = "2026-08-26T14:57:43.136Z" },
    { url = "https://files.pythonhosted.org/packages/c5/5f/744e032ac80e11039a7447657ebabb46e9b5c2dbcec83be571335212932f/websockets-17.1-cp315-cp315-musllinux_1_2_i686.whl", hash = "sha256:722ec21717eec6477bce582147a28acdfe034e604239466a6a95daedb863e774", size = 224646, upload-time = "2026-08-26T14:57:44.871Z" },
    { url = "https://files.pythonhosted.org/packages/9f/47/bcb9128d9afc4d0934d9192e2a24897ca2f7a63df2654904915349c6c46d/websockets-17.1-cp315-cp315-musllinux_1_2_ppc64le.whl", hash = "sha256:e74e41f0ad12ff1e8983e349daef79d37cc8280c743ce9d134d6c74c18dab5d6", size = 225797, upload-time = "2026-08-26T14:57:46.338Z" },
    { url = "https://files.pythonhosted.org/packages/c7/e0/b058047b7cf565e1105b10ef6b6b24a6ebe3575678c7dc75a645334705a7/websockets-17.1-cp315-cp315-musllinux_1_2_riscv64.whl", hash = "sha256:12fe8984a32dbfd084e0603f1a8d740c0180cb85b3174585c54a80d2455a8394", size = 223605, upload-time = "2026-08-26T14:57:48.175Z" },
    { url = "https://files.pythonhosted.org/packages/b9/69/fc1555bff884de363f1bf9eebf2836dbeb29fa7e4f957debb7bbcf43abba/websockets-17.1-cp315-cp315-musllinux_1_2_s390x.whl", hash = "sha256:01dcb47deebc40b38fd4a493b9b9f4d0a704b7bec6f35e4d34085b329abce71a", size = 224508, upload-time = "2026-08-26T14:57:49.407Z" },
    { url = "https://files.pythonhosted.org/packages/e7/f9/648d4e68621688b19093b06f7b497d520952e68cdea1c1b54371fe9491de/websockets-17.1-cp315-cp315-musllinux_1_2_x86_64.whl", hash = "sha256:f4c45ee2512d3757b5e6c67c5a34e435143f2ecb7df3324f9fd888688c45c0f4", size = 224767, upload-time = "2026-08-26T14:57:50.799Z" },
    { url = "https://files.pythonhosted.org/packages/58/93/f8342b55864f71df13eb8e9ef7dce691b87a87f04f75bb8a1385b3336e7c/websockets-17.1-cp315-cp315-win32.whl", hash = "sha256:0f4f50dfe2cc810fc4e2de979b35e83bf8bb4bccdc6fe472d93762ea7b1d5927", size = 217003, upload-time = "2026-08-26T14:57:52.122Z" },
    { url = "https://files.pythonhosted.org/packages/ea/f0/7b5fdb774c245e0b6217009e2a24d2105c1a64923949f33be41aa7959302/websockets-17.1-cp315-cp315-win_amd64.whl", hash = "sha256:4af784f3e436f65b355c117c6497320f2b5cf6a559295cb1c4c7338e335d45cc", size = 217300, upload-time = "2026-08-26T14:57:53.492Z" },
    { url = "https://files.pythonhosted.org/packages/76/33/1fe6ed1b5087516115ca451b2c240314b010647071f8fc3bd78a21e4dddb/websockets-17.1-cp315-cp315-win_arm64.whl", hash = "sha256:d58159af7835fde09c462394293c0d7aaf8fb4557d8f8e5699f5e722ccae013d", size = 217214, upload-time = "2026-08-26T14:57:54.88Z" },
    { url = "https://files.pythonhosted.org/packages/94/ca/ed02e75996a266d76c5fcb5dd9b930db4cf2b388ca5fa3d2a72086f81568/websockets-17.1-cp315-cp315t-macosx_10_15_universal2.whl", hash = "sha256:1a5cf4e7bbe3ca499e6a289206cb4fcb7444b09919e129bd517f57d5fa192c13", size = 217282, upload-time = "2026-08-26T14:57:56.108Z" },
    { url = "https://files.pythonhosted.org/packages/bd/7d/d536f5bc89ea5b52fd1c1727c59fabafee6bc41f5ce92c3bd2f83047908c/websockets-17.1-cp315-cp315t-macosx_10_15_x86_64.whl", hash = "sha256:416b4bc8789a1865a3ff643ec4ee073a5f52402d0dbeafd27b1798d5dd6b6a51", size = 214863, upload-time = "2026-08-26T14:57:57.355Z" },
    { url = "https://files.pythonhosted.org/packages/37/37/944cf17bad668e9be1247e6314f88a48b9faf7c250e383410db8b38af0b9/websockets-17.1-cp315-cp315t-macosx_11_0_arm64.whl", hash = "sha256:259f45358c76d3b18489e3e80636cdbe807e05ecf1b10fdf1a779106d23d0c8e", size = 215073, upload-time = "2026-08-26T14:57:58.719Z" },
    { url = "https://files.pythonhosted.org/packages/74/bf/3267966cc1bbc2b8fa62fd329651b0af502df1f5d1c0eed027ff339d6aa8/websockets-17.1-cp315-cp315t-manylinux1_i686.manylinux_2_28_i686.manylinux_2_5_i686.whl", hash = "sha256:d9d01e8ede41fea4f5a847dad9d628355f74905f437a5b6856d67aa66d193800", size = 225229, upload-time = "2026-08-26T14:58:00.235Z" },
    { url = "https://files.pythonhosted.org/packages/7f/d8/85ea722f483510abb39fc71aafb4465d17cf9051a275ab036874ff3c300c/websockets-17.1-cp315-cp315t-manylinux1_x86_64.manylinux_2_28_x86_64.manylinux_2_5_x86_64.whl", hash = "sha256:a7b35181a14cbfcae163b4de545d22abfd07d06c2c41ca69cfcd99251d6888ab", size = 225500, upload-time = "2026-08-26T14:58:01.994Z" },
    { url = "https://files.pythonhosted.org/packages/50/ce/64c7d00005bd0d15ecb5c5fcb7fb2597b6b92ddd16c4fa6bbc3d2835ad63/websockets-17.1-cp315-cp315t-manylinux2014_aarch64.manylinux_2_17_aarch64.manylinux_2_28_aarch64.whl", hash = "sha256:6a8e768a048c2220697477ce2e67e4345dc9f693d0ee6af53945b5e30227c6a7", size = 226829, upload-time = "2026-08-26T14:58:03.327Z" },
    { url = "https://files.pythonhosted.org/packages/b4/dc/096c67940fb957e667ca3c542818150434eb0388c6fdc90b3a502f3c3e96/websockets-17.1-cp315-cp315t-manylinux2014_armv7l.manylinux_2_17_armv7l.manylinux_2_31_armv7l.whl", hash = "sha256:880069d21cc33a558dcf180924a546d1ecf8ada5be3e4e70acee87019d706a24", size = 228457, upload-time = "2026-08-26T14:58:04.78Z" },
    { url = "https://files.pythonhosted.org/packages/51/fe/f2331b6b7ccc67589891da354fa46a5cb79e95f83b9fd0e734d77f1f2140/websockets-17.1-cp315-cp315t-manylinux2014_ppc64le.manylinux_2_17_ppc64le.manylinux_2_28_ppc64le.whl", hash = "sha256:cec1bb8f22abccc8d20f8ca63df9be41600c26c190f4b97ee86c675fd4a863a6", size = 227265, upload-time = "2026-08-26T14:58:06.102Z" },
    { url = "https://files.pythonhosted.org/packages/47/a5/fb1642302f8ec77ca922203074f155a9831a5128ad75e725059a476d1227/websockets-17.1-cp315-cp315t-manylinux2014_s390x.manylinux_2_17_s390x.manylinux_2_28_s390x.whl", hash = "sha256:f3a1d577e081667dda7f8e5b4796e6e32f9713c93e2a3d930669519840a3c623", size = 226143, upload-time = "2026-08-26T14:58:07.464Z" },
    { url = "https://files.pythonhosted.org/packages/d7/41/7133fcfb63f5562750b269d6a845c689dde6a2c6407286da395beea19ddd/websockets-17.1-cp315-cp315t-manylinux_2_31_riscv64.manylinux_2_39_riscv64.whl", hash = "sha256:dc053f9e95a76213c5eb7ed95779f7daf0d2bf0e4e03073629ebfa43a033f151", size = 223501, upload-time = "2026-08-26T14:58:08.766Z" },
    { url = "https://files.pythonhosted.org/packages/64/b1/82b36bfabc79ff2d383a1fc043cee6a13f794ef4f6bf1b4810ad6988cf6f/websockets-17.1-cp315-cp315t-musllinux_1_2_aarch64.whl", hash = "sha256:bb0efe019480a1c93e168ce96479273aaebd672fc8c350d5eed1e507ababb1b8", size = 226330, upload-time = "2026-08-26T14:58:09.987Z" },
    { url = "https://files.pythonhosted.org/packages/41/7d/5b511b9bf6e9ad331e6ff902fcbcc71c3794d10ef3b5efe80ccb8f0a7861/websockets-17.1-cp315-cp315t-musllinux_1_2_armv7l.whl", hash = "sha256:615746b12b26a3fd4077bc6fbeb277a1c192a45dd57b531d07ad9ed5c52a9a7a", size = 224980, upload-time = "2026-08-26T14:58:11.303Z" },
    { url = "https://files.pythonhosted.org/packages/e0/50/aed08f25301f8eef23be903ff9319fcf35630ca2bdec9d226f7d804dd5b3/websockets-17.1-cp315-cp315t-musllinux_1_2_i686.whl", hash = "sha256:1a20136d61f9ca3a31493732762661fafc2c20e8861930214e21afc6a8a692a2", size = 225478, upload-time = "2026-08-26T14:58:12.543Z" },
    { url = "https://files.pythonhosted.org/packages/3e/47/0d63d4168536b4682c9d19b7399443b1176f25dbb68878374fa716670230/websockets-17.1-cp315-cp315t-musllinux_1_2_ppc64le.whl", hash = "sha256:2786cbd273ab69c22612db8a41229ddf2c158060b17b5928884bf388d07887f3", size = 226588, upload-time = "2026-08-26T14:58:14.457Z" },
    { url = "https://files.pythonhosted.org/packages/b3/dd/844bd0b6386fc81ed6a55f4b6dd26f01c6987eda205afa10175ea12b2164/websockets-17.1-cp315-cp315t-musllinux_1_2_riscv64.whl", hash = "sha256:b1c323fc3be1dc3f87f6c59458cb7d9e13dcbbf971d6c3f3e2bbaf58d3bfcdfe", size = 224336, upload-time = "2026-08-26T14:58:15.778Z" },
    { url = "https://files.pythonhosted.org/packages/96/18/03709c84bc88ec4dcea68d4be4ccd07d611073dec111203a5bf45af8809d/websockets-17.1-cp315-cp315t-musllinux_1_2_s390x.whl", hash = "sha256:12c8e2b25df59755954a04dfa09c990b96691025aaf7eafd19ed6da24b09c18d", size = 225197, upload-time = "2026-08-26T14:58:17.141Z" },
    { url = "https://files.pythonhosted.org/packages/27/cf/0d1c694b6466c89e875b85b32b51312c472cf6708eee91914866f5087dde/websockets-17.1-cp315-cp315t-musllinux_1_2_x86_64.whl", hash = "sha256:f58f58b4b29bbea2a3635e2c56eff4a3adab011fe383802a9e542e31b97085fc", size = 225493, upload-time = "2026-08-26T14:58:18.521Z" },
    { url = "https://files.pythonhosted.org/packages/4e/f5/99857c3dd9676749f33e3668665a34ad6099505fb8d75eb084f49f7807a9/websockets-17.1-cp315-cp315t-win32.whl", hash = "sha256:f78a3ffb1994304db2c0c4588e4d1a518079b557054fa3bb985a6f5e50ff49a3", size = 217130, upload-time = "2026-08-26T14:58:20.037Z" },
    { url = "https://files.pythonhosted.org/packages/2c/84/77599922ab441bfe61508f97dab2c71f8e114d31793993ea54011db16199/websockets-17.1-cp315-cp315t-win_amd64.whl", hash = "sha256:ad68c28a27246fed109a4409393d677b7e1388345cbbd2f5aee5c182d8506110", size = 217448, upload-time = "2026-08-26T14:58:21.382Z" },
    { url = "https://files.pythonhosted.org/packages/ce/3c/8b9a225b523f06a9389be81f1b0ab07c49bec6014742e6aa359c1f920f1f/websockets-17.1-cp315-cp315t-win_arm64.whl", hash = "sha256:e552e0037230ac16e5f568de7012041344d1b18c9feed30ec2891b8eba55af81", size = 217372, upload-time = "2026-08-26T14:58:22.807Z" },
    { url = "https://files.pythonhosted.org/packages/41/63/23572870e01836a98346075b9e17a8bc24a6ddd9800a3204ceee58677f3c/websockets-17.1-py3-none-any.whl", hash = "sha256:f221081107b8c48184d99f7019604486376e7ef826037e70aad6b02540732c23", size = 211134, upload-time = "2026-08-26T17:25:31.397Z" },
]
